
Microsoft Visual Studio Solution File, Format Version 12.00
# Visual Studio Version 16
VisualStudioVersion = 16.0.31205.134
MinimumVisualStudioVersion = 10.0.40219.1
Project("{FAE04EC0-301F-11D3-BF4B-00C04F79EFBC}") = "prjMVCCoreDemo", "prjMVCCoreDemo\prjMVCCoreDemo.csproj", "{172EE7DF-5ECD-4B84-ACC5-4ECDBA72EC27}"
EndProject
Global
	GlobalSection(SolutionConfigurationPlatforms) = preSolution
		Debug|Any CPU = Debug|Any CPU
		Release|Any CPU = Release|Any CPU
	EndGlobalSection
	GlobalSection(ProjectConfigurationPlatforms) = postSolution
		{172EE7DF-5ECD-4B84-ACC5-4ECDBA72EC27}.Debug|Any CPU.ActiveCfg = Debug|Any CPU
		{172EE7DF-5ECD-4B84-ACC5-4ECDBA72EC27}.Debug|Any CPU.Build.0 = Debug|Any CPU
		{172EE7DF-5ECD-4B84-ACC5-4ECDBA72EC27}.Release|Any CPU.ActiveCfg = Release|Any CPU
		{172EE7DF-5ECD-4B84-ACC5-4ECDBA72EC27}.Release|Any CPU.Build.0 = Release|Any CPU
	EndGlobalSection
	GlobalSection(SolutionProperties) = preSolution
		HideSolutionNode = FALSE
	EndGlobalSection
	GlobalSection(ExtensibilityGlobals) = postSolution
		SolutionGuid = {698BB8E0-F70B-4500-B8BA-E6CED1A8A30E}
	EndGlobalSection
EndGlobal
